// !$*UTF8*$!
{
	archiveVersion = 1;
	classes = {
	};
	objectVersion = 46;
	objects = {

/* Begin PBXBuildFile section */
		3C92039D1CD48E900079D2EF /* AppDelegate.swift in Sources */ = {isa = PBXBuildFile; fileRef = 3C92039C1CD48E900079D2EF /* AppDelegate.swift */; };
		3C92039F1CD48E900079D2EF /* ViewController.swift in Sources */ = {isa = PBXBuildFile; fileRef = 3C92039E1CD48E900079D2EF /* ViewController.swift */; };
		3C9203A21CD48E900079D2EF /* Main.storyboard in Resources */ = {isa = PBXBuildFile; fileRef = 3C9203A01CD48E900079D2EF /* Main.storyboard */; };
		3C9203A41CD48E910079D2EF /* Assets.xcassets in Resources */ = {isa = PBXBuildFile; fileRef = 3C9203A31CD48E910079D2EF /* Assets.xcassets */; };
		3C9203A71CD48E910079D2EF /* LaunchScreen.storyboard in Resources */ = {isa = PBXBuildFile; fileRef = 3C9203A51CD48E910079D2EF /* LaunchScreen.storyboard */; };
/* End PBXBuildFile section */

/* Begin PBXFileReference section */
		3C9203991CD48E900079D2EF /* SimpleCounter.app */ = {isa = PBXFileReference; explicitFileType = wrapper.application; includeInIndex = 0; path = SimpleCounter.app; sourceTree = BUILT_PRODUCTS_DIR; };
		3C92039C1CD48E900079D2EF /* AppDelegate.swift */ = {isa = PBXFileReference; lastKnownFileType = sourcecode.swift; path = AppDelegate.swift; sourceTree = "<group>"; };
		3C92039E1CD48E900079D2EF /* ViewController.swift */ = {isa = PBXFileReference; lastKnownFileType = sourcecode.swift; path = ViewController.swift; sourceTree = "<group>"; };
		3C9203A11CD48E900079D2EF /* Base */ = {isa = PBXFileReference; lastKnownFileType = file.storyboard; name = Base; path = Base.lproj/Main.storyboard; sourceTree = "<group>"; };
		3C9203A31CD48E910079D2EF /* Assets.xcassets */ = {isa = PBXFileReference; lastKnownFileType = folder.assetcatalog; path = Assets.xcassets; sourceTree = "<group>"; };
		3C9203A61CD48E910079D2EF /* Base */ = {isa = PBXFileReference; lastKnownFileType = file.storyboard; name = Base; path = Base.lproj/LaunchScreen.storyboard; sourceTree = "<group>"; };
		3C9203A81CD48E910079D2EF /* Info.plist */ = {isa = PBXFileReference; lastKnownFileType = text.plist.xml; path = Info.plist; sourceTree = "<group>"; };
/* End PBXFileReference section */

/* Begin PBXFrameworksBuildPhase section */
		3C9203961CD48E900079D2EF /* Frameworks */ = {
			isa = PBXFrameworksBuildPhase;
			buildActionMask = 2147483647;
			files = (
			);
			runOnlyForDeploymentPostprocessing = 0;
		};
/* End PBXFrameworksBuildPhase section */

/* Begin PBXGroup section */
		3C9203901CD48E900079D2EF = {
			isa = PBXGroup;
			children = (
				3C92039B1CD48E900079D2EF /* SimpleCounter */,
				3C92039A1CD48E900079D2EF /* Products */,
			);
			sourceTree = "<group>";
		};
		3C92039A1CD48E900079D2EF /* Products */ = {
			isa = PBXGroup;
			children = (
				3C9203991CD48E900079D2EF /* SimpleCounter.app */,
			);
			name = Products;
			sourceTree = "<group>";
		};
		3C92039B1CD48E900079D2EF /* SimpleCounter */ = {
			isa = PBXGroup;
			children = (
				3C92039C1CD48E900079D2EF /* AppDelegate.swift */,
				3C92039E1CD48E900079D2EF /* ViewController.swift */,
				3C9203A01CD48E900079D2EF /* Main.storyboard */,
				3C9203A31CD48E910079D2EF /* Assets.xcassets */,
				3C9203A51CD48E910079D2EF /* LaunchScreen.storyboard */,
				3C9203A81CD48E910079D2EF /* Info.plist */,
			);
			path = SimpleCounter;
			sourceTree = "<group>";
		};
/* End PBXGroup section */

/* Begin PBXNativeTarget section */
		3C9203981CD48E900079D2EF /* SimpleCounter */ = {
			isa = PBXNativeTarget;
			buildConfigurationList = 3C9203AB1CD48E910079D2EF /* Build configuration list for PBXNativeTarget "SimpleCounter" */;
			buildPhases = (
				3C9203951CD48E900079D2EF /* Sources */,
				3C9203961CD48E900079D2EF /* Frameworks */,
				3C9203971CD48E900079D2EF /* Resources */,
			);
			buildRules = (
			);
			dependencies = (
			);
			name = SimpleCounter;
			productName = SimpleCounter;
			productReference = 3C9203991CD48E900079D2EF /* SimpleCounter.app */;
			productType = "com.apple.product-type.application";
		};
/* End PBXNativeTarget section */

/* Begin PBXProject section */
		3C9203911CD48E900079D2EF /* Project object */ = {
			isa = PBXProject;
			attributes = {
				LastSwiftUpdateCheck = 0730;
				LastUpgradeCheck = 0730;
				ORGANIZATIONNAME = mycompany;
				TargetAttributes = {
					3C9203981CD48E900079D2EF = {
						CreatedOnToolsVersion = 7.3;
					};
				};
			};
			buildConfigurationList = 3C9203941CD48E900079D2EF /* Build configuration list for PBXProject "SimpleCounter" */;
			compatibilityVersion = "Xcode 3.2";
			developmentRegion = English;
			hasScannedForEncodings = 0;
			knownRegions = (
				en,
				Base,
			);
			mainGroup = 3C9203901CD48E900079D2EF;
			productRefGroup = 3C92039A1CD48E900079D2EF /* Products */;
			projectDirPath = "";
			projectRoot = "";
			targets = (
				3C9203981CD48E900079D2EF /* SimpleCounter */,
			);
		};
/* End PBXProject section */

/* Begin PBXResourcesBuildPhase section */
		3C9203971CD48E900079D2EF /* Resources */ = {
			isa = PBXResourcesBuildPhase;
			buildActionMask = 2147483647;
			files = (
				3C9203A71CD48E910079D2EF /* LaunchScreen.storyboard in Resources */,
				3C9203A41CD48E910079D2EF /* Assets.xcassets in Resources */,
				3C9203A21CD48E900079D2EF /* Main.storyboard in Resources */,
			);
			runOnlyForDeploymentPostprocessing = 0;
		};
/* End PBXResourcesBuildPhase section */

/* Begin PBXSourcesBuildPhase section */
		3C9203951CD48E900079D2EF /* Sources */ = {
			isa = PBXSourcesBuildPhase;
			buildActionMask = 2147483647;
			files = (
				3C92039F1CD48E900079D2EF /* ViewController.swift in Sources */,
				3C92039D1CD48E900079D2EF /* AppDelegate.swift in Sources */,
			);
			runOnlyForDeploymentPostprocessing = 0;
		};
/* End PBXSourcesBuildPhase section */

/* Begin PBXVariantGroup section */
		3C9203A01CD48E900079D2EF /* Main.storyboard */ = {
			isa = PBXVariantGroup;
			children = (
				3C9203A11CD48E900079D2EF /* Base */,
			);
			name = Main.storyboard;
			sourceTree = "<group>";
		};
		3C9203A51CD48E910079D2EF /* LaunchScreen.storyboard */ = {
			isa = PBXVariantGroup;
			children = (
				3C9203A61CD48E910079D2EF /* Base */,
			);
			name = LaunchScreen.storyboard;
			sourceTree = "<group>";
		};
/* End PBXVariantGroup section */

/* Begin XCBuildConfiguration section */
		3C9203A91CD48E910079D2EF /* Debug */ = {
			isa = XCBuildConfiguration;
			buildSettings = {
				ALWAYS_SEARCH_USER_PATHS = NO;
				CLANG_ANALYZER_NONNULL = YES;
				CLANG_CXX_LANGUAGE_STANDARD = "gnu++0x";
				CLANG_CXX_LIBRARY = "libc++";
				CLANG_ENABLE_MODULES = YES;
				CLANG_ENABLE_OBJC_ARC = YES;
				CLANG_WARN_BOOL_CONVERSION = YES;
				CLANG_WARN_CONSTANT_CONVERSION = YES;
				CLANG_WARN_DIRECT_OBJC_ISA_USAGE = YES_ERROR;
				CLANG_WARN_EMPTY_BODY = YES;
				CLANG_WARN_ENUM_CONVERSION = YES;
				CLANG_WARN_INT_CONVERSION = YES;
				CLANG_WARN_OBJC_ROOT_CLASS = YES_ERROR;
				CLANG_WARN_UNREACHABLE_CODE = YES;
				CLANG_WARN__DUPLICATE_METHOD_MATCH = YES;
				"CODE_SIGN_IDENTITY[sdk=iphoneos*]" = "iPhone Developer";
				COPY_PHASE_STRIP = NO;
				DEBUG_INFORMATION_FORMAT = dwarf;
				ENABLE_STRICT_OBJC_MSGSEND = YES;
				ENABLE_TESTABILITY = YES;
				GCC_C_LANGUAGE_STANDARD = gnu99;
				GCC_DYNAMIC_NO_PIC = NO;
				GCC_NO_COMMON_BLOCKS = YES;
				GCC_OPTIMIZATION_LEVEL = 0;
				GCC_PREPROCESSOR_DEFINITIONS = (
					"DEBUG=1",
					"$(inherited)",
				);
				GCC_WARN_64_TO_32_BIT_CONVERSION = YES;
				GCC_WARN_ABOUT_RETURN_TYPE = YES_ERROR;
				GCC_WARN_UNDECLARED_SELECTOR = YES;
				GCC_WARN_UNINITIALIZED_AUTOS = YES_AGGRESSIVE;
				GCC_WARN_UNUSED_FUNCTION = YES;
				GCC_WARN_UNUSED_VARIABLE = YES;
				IPHONEOS_DEPLOYMENT_TARGET = 9.3;
				MTL_ENABLE_DEBUG_INFO = YES;
				ONLY_ACTIVE_ARCH = YES;
				SDKROOT = iphoneos;
				SWIFT_OPTIMIZATION_LEVEL = "-Onone";
				TARGETED_DEVICE_FAMILY = "1,2";
			};
			name = Debug;
		};
		3C9203AA1CD48E910079D2EF /* Release */ = {
			isa = XCBuildConfiguration;
			buildSettings = {
				ALWAYS_SEARCH_USER_PATHS = NO;
				CLANG_ANALYZER_NONNULL = YES;
				CLANG_CXX_LANGUAGE_STANDARD = "gnu++0x";
				CLANG_CXX_LIBRARY = "libc++";
				CLANG_ENABLE_MODULES = YES;
				CLANG_ENABLE_OBJC_ARC = YES;
				CLANG_WARN_BOOL_CONVERSION = YES;
				CLANG_WARN_CONSTANT_CONVERSION = YES;
				CLANG_WARN_DIRECT_OBJC_ISA_USAGE = YES_ERROR;
				CLANG_WARN_EMPTY_BODY = YES;
				CLANG_WARN_ENUM_CONVERSION = YES;
				CLANG_WARN_INT_CONVERSION = YES;
				CLANG_WARN_OBJC_ROOT_CLASS = YES_ERROR;
				CLANG_WARN_UNREACHABLE_CODE = YES;
				CLANG_WARN__DUPLICATE_METHOD_MATCH = YES;
				"CODE_SIGN_IDENTITY[sdk=iphoneos*]" = "iPhone Developer";
				COPY_PHASE_STRIP = NO;
				DEBUG_INFORMATION_FORMAT = "dwarf-with-dsym";
				ENABLE_NS_ASSERTIONS = NO;
				ENABLE_STRICT_OBJC_MSGSEND = YES;
				GCC_C_LANGUAGE_STANDARD = gnu99;
				GCC_NO_COMMON_BLOCKS = YES;
				GCC_WARN_64_TO_32_BIT_CONVERSION = YES;
				GCC_WARN_ABOUT_RETURN_TYPE = YES_ERROR;
				GCC_WARN_UNDECLARED_SELECTOR = YES;
				GCC_WARN_UNINITIALIZED_AUTOS = YES_AGGRESSIVE;
				GCC_WARN_UNUSED_FUNCTION = YES;
				GCC_WARN_UNUSED_VARIABLE = YES;
				IPHONEOS_DEPLOYMENT_TARGET = 9.3;
				MTL_ENABLE_DEBUG_INFO = NO;
				SDKROOT = iphoneos;
				TARGETED_DEVICE_FAMILY = "1,2";
				VALIDATE_PRODUCT = YES;
			};
			name = Release;
		};
		3C9203AC1CD48E910079D2EF /* Debug */ = {
			isa = XCBuildConfiguration;
			buildSettings = {
				ASSETCATALOG_COMPILER_APPICON_NAME = AppIcon;
				INFOPLIST_FILE = SimpleCounter/Info.plist;
				LD_RUNPATH_SEARCH_PATHS = "$(inherited) @executable_path/Frameworks";
				PRODUCT_BUNDLE_IDENTIFIER = com.mycompany.SimpleCounter;
				PRODUCT_NAME = "$(TARGET_NAME)";
			};
			name = Debug;
		};
		3C9203AD1CD48E910079D2EF /* Release */ = {
			isa = XCBuildConfiguration;
			buildSettings = {
				ASSETCATALOG_COMPILER_APPICON_NAME = AppIcon;
				INFOPLIST_FILE = SimpleCounter/Info.plist;
				LD_RUNPATH_SEARCH_PATHS = "$(inherited) @executable_path/Frameworks";
				PRODUCT_BUNDLE_IDENTIFIER = com.mycompany.SimpleCounter;
				PRODUCT_NAME = "$(TARGET_NAME)";
			};
			name = Release;
		};
/* End XCBuildConfiguration section */

/* Begin XCConfigurationList section */
		3C9203941CD48E900079D2EF /* Build configuration list for PBXProject "SimpleCounter" */ = {
			isa = XCConfigurationList;
			buildConfigurations = (
				3C9203A91CD48E910079D2EF /* Debug */,
				3C9203AA1CD48E910079D2EF /* Release */,
			);
			defaultConfigurationIsVisible = 0;
			defaultConfigurationName = Release;
		};
		3C9203AB1CD48E910079D2EF /* Build configuration list for PBXNativeTarget "SimpleCounter" */ = {
			isa = XCConfigurationList;
			buildConfigurations = (
				3C9203AC1CD48E910079D2EF /* Debug */,
				3C9203AD1CD48E910079D2EF /* Release */,
			);
			defaultConfigurationIsVisible = 0;
		};
/* End XCConfigurationList section */
	};
	rootObject = 3C9203911CD48E900079D2EF /* Project object */;
}
